
Microsoft Visual Studio Solution File, Format Version 12.00
# Visual Studio 15
VisualStudioVersion = 15.0.28010.2050
MinimumVisualStudioVersion = 10.0.40219.1
Project("{8BC9CEB8-8B4A-11D0-8D11-00A0C91BC942}") = "Polygonize", "Polygonize\Polygonize.vcxproj", "{87663411-62C4-4ACA-B0B6-9369DD49BE53}"
EndProject
Global
	GlobalSection(SolutionConfigurationPlatforms) = preSolution
		Debug|x64 = Debug|x64
		Debug|x86 = Debug|x86
		Release|x64 = Release|x64
		Release|x86 = Release|x86
	EndGlobalSection
	GlobalSection(ProjectConfigurationPlatforms) = postSolution
		{87663411-62C4-4ACA-B0B6-9369DD49BE53}.Debug|x64.ActiveCfg = Debug|x64
		{87663411-62C4-4ACA-B0B6-9369DD49BE53}.Debug|x64.Build.0 = Debug|x64
		{87663411-62C4-4ACA-B0B6-9369DD49BE53}.Debug|x86.ActiveCfg = Debug|Win32
		{87663411-62C4-4ACA-B0B6-9369DD49BE53}.Debug|x86.Build.0 = Debug|Win32
		{87663411-62C4-4ACA-B0B6-9369DD49BE53}.Release|x64.ActiveCfg = Release|x64
		{87663411-62C4-4ACA-B0B6-9369DD49BE53}.Release|x64.Build.0 = Release|x64
		{87663411-62C4-4ACA-B0B6-9369DD49BE53}.Release|x86.ActiveCfg = Release|Win32
		{87663411-62C4-4ACA-B0B6-9369DD49BE53}.Release|x86.Build.0 = Release|Win32
	EndGlobalSection
	GlobalSection(SolutionProperties) = preSolution
		HideSolutionNode = FALSE
	EndGlobalSection
	GlobalSection(ExtensibilityGlobals) = postSolution
		SolutionGuid = {C714C9D1-00B2-462B-98D0-C41BFDC51D6F}
	EndGlobalSection
EndGlobal
